Microsoft Visual Studio Solution File, Format Version 12.00
# Visual Studio Version 17
VisualStudioVersion = 17.5.2.0
MinimumVisualStudioVersion = 10.0.40219.1
Project("{FAE04EC0-301F-11D3-BF4B-00C04F79EFBC}") = "core-api", "core-api\core-api.csproj", "{8DB6009D-45BE-1A01-1B09-56332328FD07}"
EndProject
Global
	GlobalSection(SolutionConfigurationPlatforms) = preSolution
		Debug|Any CPU = Debug|Any CPU
		Release|Any CPU = Release|Any CPU
	EndGlobalSection
	GlobalSection(ProjectConfigurationPlatforms) = postSolution
		{8DB6009D-45BE-1A01-1B09-56332328FD07}.Debug|Any CPU.ActiveCfg = Debug|Any CPU
		{8DB6009D-45BE-1A01-1B09-56332328FD07}.Debug|Any CPU.Build.0 = Debug|Any CPU
		{8DB6009D-45BE-1A01-1B09-56332328FD07}.Release|Any CPU.ActiveCfg = Release|Any CPU
		{8DB6009D-45BE-1A01-1B09-56332328FD07}.Release|Any CPU.Build.0 = Release|Any CPU
	EndGlobalSection
	GlobalSection(SolutionProperties) = preSolution
		HideSolutionNode = FALSE
	EndGlobalSection
	GlobalSection(ExtensibilityGlobals) = postSolution
		SolutionGuid = {09B67B67-A090-496B-AC07-B765290C4E68}
	EndGlobalSection
EndGlobal
